
Microsoft Visual Studio Solution File, Format Version 12.00
# Visual Studio Version 17
VisualStudioVersion = 17.14.36221.1 d17.14
MinimumVisualStudioVersion = 10.0.40219.1
Project("{FAE04EC0-301F-11D3-BF4B-00C04F79EFBC}") = "tryParsefunc", "tryParsefunc\tryParsefunc.csproj", "{BC0F8DA0-B659-4113-A6B6-552D69B37DCC}"
EndProject
Global
	GlobalSection(SolutionConfigurationPlatforms) = preSolution
		Debug|Any CPU = Debug|Any CPU
		Release|Any CPU = Release|Any CPU
	EndGlobalSection
	GlobalSection(ProjectConfigurationPlatforms) = postSolution
		{BC0F8DA0-B659-4113-A6B6-552D69B37DCC}.Debug|Any CPU.ActiveCfg = Debug|Any CPU
		{BC0F8DA0-B659-4113-A6B6-552D69B37DCC}.Debug|Any CPU.Build.0 = Debug|Any CPU
		{BC0F8DA0-B659-4113-A6B6-552D69B37DCC}.Release|Any CPU.ActiveCfg = Release|Any CPU
		{BC0F8DA0-B659-4113-A6B6-552D69B37DCC}.Release|Any CPU.Build.0 = Release|Any CPU
	EndGlobalSection
	GlobalSection(SolutionProperties) = preSolution
		HideSolutionNode = FALSE
	EndGlobalSection
	GlobalSection(ExtensibilityGlobals) = postSolution
		SolutionGuid = {CDB50072-FD3D-4297-83F2-993F42D25547}
	EndGlobalSection
EndGlobal
