
Microsoft Visual Studio Solution File, Format Version 12.00
# Visual Studio Version 17
VisualStudioVersion = 17.14.36221.1 d17.14
MinimumVisualStudioVersion = 10.0.40219.1
Project("{FAE04EC0-301F-11D3-BF4B-00C04F79EFBC}") = "ClassProject", "ClassProject\ClassProject.csproj", "{7B0F8C94-702C-4A4C-B94E-3C48493D9EC9}"
EndProject
Global
	GlobalSection(SolutionConfigurationPlatforms) = preSolution
		Debug|Any CPU = Debug|Any CPU
		Release|Any CPU = Release|Any CPU
	EndGlobalSection
	GlobalSection(ProjectConfigurationPlatforms) = postSolution
		{7B0F8C94-702C-4A4C-B94E-3C48493D9EC9}.Debug|Any CPU.ActiveCfg = Debug|Any CPU
		{7B0F8C94-702C-4A4C-B94E-3C48493D9EC9}.Debug|Any CPU.Build.0 = Debug|Any CPU
		{7B0F8C94-702C-4A4C-B94E-3C48493D9EC9}.Release|Any CPU.ActiveCfg = Release|Any CPU
		{7B0F8C94-702C-4A4C-B94E-3C48493D9EC9}.Release|Any CPU.Build.0 = Release|Any CPU
	EndGlobalSection
	GlobalSection(SolutionProperties) = preSolution
		HideSolutionNode = FALSE
	EndGlobalSection
	GlobalSection(ExtensibilityGlobals) = postSolution
		SolutionGuid = {75711282-E300-4BDF-B656-16508AFA5A6B}
	EndGlobalSection
EndGlobal
