
Microsoft Visual Studio Solution File, Format Version 12.00
# Visual Studio Version 17
VisualStudioVersion = 17.14.36221.1 d17.14
MinimumVisualStudioVersion = 10.0.40219.1
Project("{FAE04EC0-301F-11D3-BF4B-00C04F79EFBC}") = "LJProject", "LJProject\LJProject.csproj", "{72A0FC59-CD6A-434F-983E-707AF9B08C01}"
EndProject
Global
	GlobalSection(SolutionConfigurationPlatforms) = preSolution
		Debug|Any CPU = Debug|Any CPU
		Release|Any CPU = Release|Any CPU
	EndGlobalSection
	GlobalSection(ProjectConfigurationPlatforms) = postSolution
		{72A0FC59-CD6A-434F-983E-707AF9B08C01}.Debug|Any CPU.ActiveCfg = Debug|Any CPU
		{72A0FC59-CD6A-434F-983E-707AF9B08C01}.Debug|Any CPU.Build.0 = Debug|Any CPU
		{72A0FC59-CD6A-434F-983E-707AF9B08C01}.Release|Any CPU.ActiveCfg = Release|Any CPU
		{72A0FC59-CD6A-434F-983E-707AF9B08C01}.Release|Any CPU.Build.0 = Release|Any CPU
	EndGlobalSection
	GlobalSection(SolutionProperties) = preSolution
		HideSolutionNode = FALSE
	EndGlobalSection
	GlobalSection(ExtensibilityGlobals) = postSolution
		SolutionGuid = {4637739C-CE2F-4A30-B7C3-570A1DD984D0}
	EndGlobalSection
EndGlobal
