
Microsoft Visual Studio Solution File, Format Version 12.00
# Visual Studio Version 17
VisualStudioVersion = 17.14.36221.1 d17.14
MinimumVisualStudioVersion = 10.0.40219.1
Project("{FAE04EC0-301F-11D3-BF4B-00C04F79EFBC}") = "NavigationIntro", "NavigationIntro\NavigationIntro.csproj", "{E7A38FD3-19A6-4C85-8FBD-7CB6B18EEA88}"
EndProject
Global
	GlobalSection(SolutionConfigurationPlatforms) = preSolution
		Debug|Any CPU = Debug|Any CPU
		Release|Any CPU = Release|Any CPU
	EndGlobalSection
	GlobalSection(ProjectConfigurationPlatforms) = postSolution
		{E7A38FD3-19A6-4C85-8FBD-7CB6B18EEA88}.Debug|Any CPU.ActiveCfg = Debug|Any CPU
		{E7A38FD3-19A6-4C85-8FBD-7CB6B18EEA88}.Debug|Any CPU.Build.0 = Debug|Any CPU
		{E7A38FD3-19A6-4C85-8FBD-7CB6B18EEA88}.Release|Any CPU.ActiveCfg = Release|Any CPU
		{E7A38FD3-19A6-4C85-8FBD-7CB6B18EEA88}.Release|Any CPU.Build.0 = Release|Any CPU
	EndGlobalSection
	GlobalSection(SolutionProperties) = preSolution
		HideSolutionNode = FALSE
	EndGlobalSection
	GlobalSection(ExtensibilityGlobals) = postSolution
		SolutionGuid = {44ADFC67-65CF-45A4-BD1B-E259B2759AE1}
	EndGlobalSection
EndGlobal
