
Microsoft Visual Studio Solution File, Format Version 12.00
# Visual Studio Version 17
VisualStudioVersion = 17.14.36221.1 d17.14
MinimumVisualStudioVersion = 10.0.40219.1
Project("{FAE04EC0-301F-11D3-BF4B-00C04F79EFBC}") = "BankConstructor", "BankConstructor\BankConstructor.csproj", "{8D5A7E58-17AD-4940-A4DD-980706D555F6}"
EndProject
Global
	GlobalSection(SolutionConfigurationPlatforms) = preSolution
		Debug|Any CPU = Debug|Any CPU
		Release|Any CPU = Release|Any CPU
	EndGlobalSection
	GlobalSection(ProjectConfigurationPlatforms) = postSolution
		{8D5A7E58-17AD-4940-A4DD-980706D555F6}.Debug|Any CPU.ActiveCfg = Debug|Any CPU
		{8D5A7E58-17AD-4940-A4DD-980706D555F6}.Debug|Any CPU.Build.0 = Debug|Any CPU
		{8D5A7E58-17AD-4940-A4DD-980706D555F6}.Release|Any CPU.ActiveCfg = Release|Any CPU
		{8D5A7E58-17AD-4940-A4DD-980706D555F6}.Release|Any CPU.Build.0 = Release|Any CPU
	EndGlobalSection
	GlobalSection(SolutionProperties) = preSolution
		HideSolutionNode = FALSE
	EndGlobalSection
	GlobalSection(ExtensibilityGlobals) = postSolution
		SolutionGuid = {49C915D5-7D7B-45C0-8BD8-CEBEEC0C469B}
	EndGlobalSection
EndGlobal
